// !$*UTF8*$!
{
	archiveVersion = 1;
	classes = {
	};
	objectVersion = 46;
	objects = {

/* Begin PBXBuildFile section */
		97654F211D410FB3005351D3 /* main.cpp in Sources */ = {isa = PBXBuildFile; fileRef = 97654F201D410FB3005351D3 /* main.cpp */; };
		97654F291D410FBD005351D3 /* GLUT.framework in Frameworks */ = {isa = PBXBuildFile; fileRef = 97654F271D410FBD005351D3 /* GLUT.framework */; };
		97654F2A1D410FBD005351D3 /* OpenGL.framework in Frameworks */ = {isa = PBXBuildFile; fileRef = 97654F281D410FBD005351D3 /* OpenGL.framework */; };
/* End PBXBuildFile section */

/* Begin PBXCopyFilesBuildPhase section */
		97654F1B1D410FB3005351D3 /* CopyFiles */ = {
			isa = PBXCopyFilesBuildPhase;
			buildActionMask = 2147483647;
			dstPath = /usr/share/man/man1/;
			dstSubfolderSpec = 0;
			files = (
			);
			runOnlyForDeploymentPostprocessing = 1;
		};
/* End PBXCopyFilesBuildPhase section */

/* Begin PBXFileReference section */
		97654F1D1D410FB3005351D3 /* Sierpinski_Rect */ = {isa = PBXFileReference; explicitFileType = "compiled.mach-o.executable"; includeInIndex = 0; path = Sierpinski_Rect; sourceTree = BUILT_PRODUCTS_DIR; };
		97654F201D410FB3005351D3 /* main.cpp */ = {isa = PBXFileReference; lastKnownFileType = sourcecode.cpp.cpp; path = main.cpp; sourceTree = "<group>"; };
		97654F271D410FBD005351D3 /* GLUT.framework */ = {isa = PBXFileReference; lastKnownFileType = wrapper.framework; name = GLUT.framework; path = System/Library/Frameworks/GLUT.framework; sourceTree = SDKROOT; };
		97654F281D410FBD005351D3 /* OpenGL.framework */ = {isa = PBXFileReference; lastKnownFileType = wrapper.framework; name = OpenGL.framework; path = System/Library/Frameworks/OpenGL.framework; sourceTree = SDKROOT; };
/* End PBXFileReference section */

/* Begin PBXFrameworksBuildPhase section */
		97654F1A1D410FB3005351D3 /* Frameworks */ = {
			isa = PBXFrameworksBuildPhase;
			buildActionMask = 2147483647;
			files = (
				97654F291D410FBD005351D3 /* GLUT.framework in Frameworks */,
				97654F2A1D410FBD005351D3 /* OpenGL.framework in Frameworks */,
			);
			runOnlyForDeploymentPostprocessing = 0;
		};
/* End PBXFrameworksBuildPhase section */

/* Begin PBXGroup section */
		97654F141D410FB3005351D3 = {
			isa = PBXGroup;
			children = (
				97654F271D410FBD005351D3 /* GLUT.framework */,
				97654F281D410FBD005351D3 /* OpenGL.framework */,
				97654F1F1D410FB3005351D3 /* Sierpinski_Rect */,
				97654F1E1D410FB3005351D3 /* Products */,
			);
			sourceTree = "<group>";
		};
		97654F1E1D410FB3005351D3 /* Products */ = {
			isa = PBXGroup;
			children = (
				97654F1D1D410FB3005351D3 /* Sierpinski_Rect */,
			);
			name = Products;
			sourceTree = "<group>";
		};
		97654F1F1D410FB3005351D3 /* Sierpinski_Rect */ = {
			isa = PBXGroup;
			children = (
				97654F201D410FB3005351D3 /* main.cpp */,
			);
			path = Sierpinski_Rect;
			sourceTree = "<group>";
		};
/* End PBXGroup section */

/* Begin PBXNativeTarget section */
		97654F1C1D410FB3005351D3 /* Sierpinski_Rect */ = {
			isa = PBXNativeTarget;
			buildConfigurationList = 97654F241D410FB3005351D3 /* Build configuration list for PBXNativeTarget "Sierpinski_Rect" */;
			buildPhases = (
				97654F191D410FB3005351D3 /* Sources */,
				97654F1A1D410FB3005351D3 /* Frameworks */,
				97654F1B1D410FB3005351D3 /* CopyFiles */,
			);
			buildRules = (
			);
			dependencies = (
			);
			name = Sierpinski_Rect;
			productName = Sierpinski_Rect;
			productReference = 97654F1D1D410FB3005351D3 /* Sierpinski_Rect */;
			productType = "com.apple.product-type.tool";
		};
/* End PBXNativeTarget section */

/* Begin PBXProject section */
		97654F151D410FB3005351D3 /* Project object */ = {
			isa = PBXProject;
			attributes = {
				LastUpgradeCheck = 0730;
				ORGANIZATIONNAME = "naohiro nomura";
				TargetAttributes = {
					97654F1C1D410FB3005351D3 = {
						CreatedOnToolsVersion = 7.3.1;
					};
				};
			};
			buildConfigurationList = 97654F181D410FB3005351D3 /* Build configuration list for PBXProject "Sierpinski_Rect" */;
			compatibilityVersion = "Xcode 3.2";
			developmentRegion = English;
			hasScannedForEncodings = 0;
			knownRegions = (
				en,
			);
			mainGroup = 97654F141D410FB3005351D3;
			productRefGroup = 97654F1E1D410FB3005351D3 /* Products */;
			projectDirPath = "";
			projectRoot = "";
			targets = (
				97654F1C1D410FB3005351D3 /* Sierpinski_Rect */,
			);
		};
/* End PBXProject section */

/* Begin PBXSourcesBuildPhase section */
		97654F191D410FB3005351D3 /* Sources */ = {
			isa = PBXSourcesBuildPhase;
			buildActionMask = 2147483647;
			files = (
				97654F211D410FB3005351D3 /* main.cpp in Sources */,
			);
			runOnlyForDeploymentPostprocessing = 0;
		};
/* End PBXSourcesBuildPhase section */

/* Begin XCBuildConfiguration section */
		97654F221D410FB3005351D3 /* Debug */ = {
			isa = XCBuildConfiguration;
			buildSettings = {
				ALWAYS_SEARCH_USER_PATHS = NO;
				CLANG_ANALYZER_NONNULL = YES;
				CLANG_CXX_LANGUAGE_STANDARD = "gnu++0x";
				CLANG_CXX_LIBRARY = "libc++";
				CLANG_ENABLE_MODULES = YES;
				CLANG_ENABLE_OBJC_ARC = YES;
				CLANG_WARN_BOOL_CONVERSION = YES;
				CLANG_WARN_CONSTANT_CONVERSION = YES;
				CLANG_WARN_DIRECT_OBJC_ISA_USAGE = YES_ERROR;
				CLANG_WARN_EMPTY_BODY = YES;
				CLANG_WARN_ENUM_CONVERSION = YES;
				CLANG_WARN_INT_CONVERSION = YES;
				CLANG_WARN_OBJC_ROOT_CLASS = YES_ERROR;
				CLANG_WARN_UNREACHABLE_CODE = YES;
				CLANG_WARN__DUPLICATE_METHOD_MATCH = YES;
				CODE_SIGN_IDENTITY = "-";
				COPY_PHASE_STRIP = NO;
				DEBUG_INFORMATION_FORMAT = dwarf;
				ENABLE_STRICT_OBJC_MSGSEND = YES;
				ENABLE_TESTABILITY = YES;
				GCC_C_LANGUAGE_STANDARD = gnu99;
				GCC_DYNAMIC_NO_PIC = NO;
				GCC_NO_COMMON_BLOCKS = YES;
				GCC_OPTIMIZATION_LEVEL = 0;
				GCC_PREPROCESSOR_DEFINITIONS = (
					"DEBUG=1",
					"$(inherited)",
				);
				GCC_WARN_64_TO_32_BIT_CONVERSION = YES;
				GCC_WARN_ABOUT_RETURN_TYPE = YES_ERROR;
				GCC_WARN_UNDECLARED_SELECTOR = YES;
				GCC_WARN_UNINITIALIZED_AUTOS = YES_AGGRESSIVE;
				GCC_WARN_UNUSED_FUNCTION = YES;
				GCC_WARN_UNUSED_VARIABLE = YES;
				MACOSX_DEPLOYMENT_TARGET = 10.11;
				MTL_ENABLE_DEBUG_INFO = YES;
				ONLY_ACTIVE_ARCH = YES;
				SDKROOT = macosx;
			};
			name = Debug;
		};
		97654F231D410FB3005351D3 /* Release */ = {
			isa = XCBuildConfiguration;
			buildSettings = {
				ALWAYS_SEARCH_USER_PATHS = NO;
				CLANG_ANALYZER_NONNULL = YES;
				CLANG_CXX_LANGUAGE_STANDARD = "gnu++0x";
				CLANG_CXX_LIBRARY = "libc++";
				CLANG_ENABLE_MODULES = YES;
				CLANG_ENABLE_OBJC_ARC = YES;
				CLANG_WARN_BOOL_CONVERSION = YES;
				CLANG_WARN_CONSTANT_CONVERSION = YES;
				CLANG_WARN_DIRECT_OBJC_ISA_USAGE = YES_ERROR;
				CLANG_WARN_EMPTY_BODY = YES;
				CLANG_WARN_ENUM_CONVERSION = YES;
				CLANG_WARN_INT_CONVERSION = YES;
				CLANG_WARN_OBJC_ROOT_CLASS = YES_ERROR;
				CLANG_WARN_UNREACHABLE_CODE = YES;
				CLANG_WARN__DUPLICATE_METHOD_MATCH = YES;
				CODE_SIGN_IDENTITY = "-";
				COPY_PHASE_STRIP = NO;
				DEBUG_INFORMATION_FORMAT = "dwarf-with-dsym";
				ENABLE_NS_ASSERTIONS = NO;
				ENABLE_STRICT_OBJC_MSGSEND = YES;
				GCC_C_LANGUAGE_STANDARD = gnu99;
				GCC_NO_COMMON_BLOCKS = YES;
				GCC_WARN_64_TO_32_BIT_CONVERSION = YES;
				GCC_WARN_ABOUT_RETURN_TYPE = YES_ERROR;
				GCC_WARN_UNDECLARED_SELECTOR = YES;
				GCC_WARN_UNINITIALIZED_AUTOS = YES_AGGRESSIVE;
				GCC_WARN_UNUSED_FUNCTION = YES;
				GCC_WARN_UNUSED_VARIABLE = YES;
				MACOSX_DEPLOYMENT_TARGET = 10.11;
				MTL_ENABLE_DEBUG_INFO = NO;
				SDKROOT = macosx;
			};
			name = Release;
		};
		97654F251D410FB3005351D3 /* Debug */ = {
			isa = XCBuildConfiguration;
			buildSettings = {
				PRODUCT_NAME = "$(TARGET_NAME)";
			};
			name = Debug;
		};
		97654F261D410FB3005351D3 /* Release */ = {
			isa = XCBuildConfiguration;
			buildSettings = {
				PRODUCT_NAME = "$(TARGET_NAME)";
			};
			name = Release;
		};
/* End XCBuildConfiguration section */

/* Begin XCConfigurationList section */
		97654F181D410FB3005351D3 /* Build configuration list for PBXProject "Sierpinski_Rect" */ = {
			isa = XCConfigurationList;
			buildConfigurations = (
				97654F221D410FB3005351D3 /* Debug */,
				97654F231D410FB3005351D3 /* Release */,
			);
			defaultConfigurationIsVisible = 0;
			defaultConfigurationName = Release;
		};
		97654F241D410FB3005351D3 /* Build configuration list for PBXNativeTarget "Sierpinski_Rect" */ = {
			isa = XCConfigurationList;
			buildConfigurations = (
				97654F251D410FB3005351D3 /* Debug */,
				97654F261D410FB3005351D3 /* Release */,
			);
			defaultConfigurationIsVisible = 0;
		};
/* End XCConfigurationList section */
	};
	rootObject = 97654F151D410FB3005351D3 /* Project object */;
}
